
Microsoft Visual Studio Solution File, Format Version 12.00
# Visual Studio Version 17
VisualStudioVersion = 17.2.32505.173
MinimumVisualStudioVersion = 10.0.40219.1
Project("{8BC9CEB8-8B4A-11D0-8D11-00A0C91BC942}") = "lb9_5_test", "lb9_5_test\lb9_5_test.vcxproj", "{6DB5A6BB-C8CC-4D34-A841-8F4349D87525}"
EndProject
Project("{8BC9CEB8-8B4A-11D0-8D11-00A0C91BC942}") = "UnitTest1", "UnitTest1\UnitTest1.vcxproj", "{DD216E16-8119-49DC-AB7D-89B1CAED1D1F}"
EndProject
Global
	GlobalSection(SolutionConfigurationPlatforms) = preSolution
		Debug|x64 = Debug|x64
		Debug|x86 = Debug|x86
		Release|x64 = Release|x64
		Release|x86 = Release|x86
	EndGlobalSection
	GlobalSection(ProjectConfigurationPlatforms) = postSolution
		{6DB5A6BB-C8CC-4D34-A841-8F4349D87525}.Debug|x64.ActiveCfg = Debug|x64
		{6DB5A6BB-C8CC-4D34-A841-8F4349D87525}.Debug|x64.Build.0 = Debug|x64
		{6DB5A6BB-C8CC-4D34-A841-8F4349D87525}.Debug|x86.ActiveCfg = Debug|Win32
		{6DB5A6BB-C8CC-4D34-A841-8F4349D87525}.Debug|x86.Build.0 = Debug|Win32
		{6DB5A6BB-C8CC-4D34-A841-8F4349D87525}.Release|x64.ActiveCfg = Release|x64
		{6DB5A6BB-C8CC-4D34-A841-8F4349D87525}.Release|x64.Build.0 = Release|x64
		{6DB5A6BB-C8CC-4D34-A841-8F4349D87525}.Release|x86.ActiveCfg = Release|Win32
		{6DB5A6BB-C8CC-4D34-A841-8F4349D87525}.Release|x86.Build.0 = Release|Win32
		{DD216E16-8119-49DC-AB7D-89B1CAED1D1F}.Debug|x64.ActiveCfg = Debug|x64
		{DD216E16-8119-49DC-AB7D-89B1CAED1D1F}.Debug|x64.Build.0 = Debug|x64
		{DD216E16-8119-49DC-AB7D-89B1CAED1D1F}.Debug|x86.ActiveCfg = Debug|Win32
		{DD216E16-8119-49DC-AB7D-89B1CAED1D1F}.Debug|x86.Build.0 = Debug|Win32
		{DD216E16-8119-49DC-AB7D-89B1CAED1D1F}.Release|x64.ActiveCfg = Release|x64
		{DD216E16-8119-49DC-AB7D-89B1CAED1D1F}.Release|x64.Build.0 = Release|x64
		{DD216E16-8119-49DC-AB7D-89B1CAED1D1F}.Release|x86.ActiveCfg = Release|Win32
		{DD216E16-8119-49DC-AB7D-89B1CAED1D1F}.Release|x86.Build.0 = Release|Win32
	EndGlobalSection
	GlobalSection(SolutionProperties) = preSolution
		HideSolutionNode = FALSE
	EndGlobalSection
	GlobalSection(ExtensibilityGlobals) = postSolution
		SolutionGuid = {1F355593-3E20-41C1-B8D6-7E597642BB25}
	EndGlobalSection
EndGlobal
